
Microsoft Visual Studio Solution File, Format Version 12.00
# Visual Studio 2013
VisualStudioVersion = 12.0.30501.0
MinimumVisualStudioVersion = 10.0.40219.1
Project("{FAE04EC0-301F-11D3-BF4B-00C04F79EFBC}") = "PingYourPackage.Domain", "PingYourPackage.Domain\PingYourPackage.Domain.csproj", "{2B847E2D-AB9A-4354-9FBB-75AD9231429A}"
EndProject
Project("{FAE04EC0-301F-11D3-BF4B-00C04F79EFBC}") = "PingYourPackage.API", "PingYourPackage.API\PingYourPackage.API.csproj", "{D373CF10-61E3-400A-AF63-71D53342ACAB}"
EndProject
Global
	GlobalSection(SolutionConfigurationPlatforms) = preSolution
		Debug|Any CPU = Debug|Any CPU
		Release|Any CPU = Release|Any CPU
	EndGlobalSection
	GlobalSection(ProjectConfigurationPlatforms) = postSolution
		{2B847E2D-AB9A-4354-9FBB-75AD9231429A}.Debug|Any CPU.ActiveCfg = Debug|Any CPU
		{2B847E2D-AB9A-4354-9FBB-75AD9231429A}.Debug|Any CPU.Build.0 = Debug|Any CPU
		{2B847E2D-AB9A-4354-9FBB-75AD9231429A}.Release|Any CPU.ActiveCfg = Release|Any CPU
		{2B847E2D-AB9A-4354-9FBB-75AD9231429A}.Release|Any CPU.Build.0 = Release|Any CPU
		{D373CF10-61E3-400A-AF63-71D53342ACAB}.Debug|Any CPU.ActiveCfg = Debug|Any CPU
		{D373CF10-61E3-400A-AF63-71D53342ACAB}.Debug|Any CPU.Build.0 = Debug|Any CPU
		{D373CF10-61E3-400A-AF63-71D53342ACAB}.Release|Any CPU.ActiveCfg = Release|Any CPU
		{D373CF10-61E3-400A-AF63-71D53342ACAB}.Release|Any CPU.Build.0 = Release|Any CPU
	EndGlobalSection
	GlobalSection(SolutionProperties) = preSolution
		HideSolutionNode = FALSE
	EndGlobalSection
EndGlobal
